github.com/google/uuid v1.6.0 h1:NIvaJDMOsjHA8n1jAhLSgzrAzy1Hgr+hNrb57e+94F0=
github.com/google/uuid v1.6.0/go.mod h1:TIyPZe4MgqvfeYDBFedMoGGpEw/LqOeaOT+nhxU+yHo=
github.com/saffronjam/cimgui-go v1.0.16 h1:4xS8QzmdzvsmE+pzggGP+cdtY2rlTeWjuU61eBdtxuo=
github.com/saffronjam/cimgui-go v1.0.16/go.mod h1:hM8UcXzS8se5i6bCGWXjN9Jrd22EBXaehjwzD/2B/KQ=
github.com/saffronjam/go-sfml v0.0.10 h1:aeLVB0qAzP6zDV8uDpi06i3zrgVJuTAquPghfKS0pnM=
github.com/saffronjam/go-sfml v0.0.10/go.mod h1:sNLrw7/W3R/m7kS1siitZpn/0gWKDzRrgnZugXYEd+E=
